
Microsoft Visual Studio Solution File, Format Version 12.00
# Visual Studio Version 17
VisualStudioVersion = 17.4.33213.308
MinimumVisualStudioVersion = 10.0.40219.1
Project("{FAE04EC0-301F-11D3-BF4B-00C04F79EFBC}") = "10.02.2023", "10.02.2023\10.02.2023.csproj", "{A974509C-33F8-4056-9015-D0812585461E}"
EndProject
Global
	GlobalSection(SolutionConfigurationPlatforms) = preSolution
		Debug|Any CPU = Debug|Any CPU
		Release|Any CPU = Release|Any CPU
	EndGlobalSection
	GlobalSection(ProjectConfigurationPlatforms) = postSolution
		{A974509C-33F8-4056-9015-D0812585461E}.Debug|Any CPU.ActiveCfg = Debug|Any CPU
		{A974509C-33F8-4056-9015-D0812585461E}.Debug|Any CPU.Build.0 = Debug|Any CPU
		{A974509C-33F8-4056-9015-D0812585461E}.Release|Any CPU.ActiveCfg = Release|Any CPU
		{A974509C-33F8-4056-9015-D0812585461E}.Release|Any CPU.Build.0 = Release|Any CPU
	EndGlobalSection
	GlobalSection(SolutionProperties) = preSolution
		HideSolutionNode = FALSE
	EndGlobalSection
	GlobalSection(ExtensibilityGlobals) = postSolution
		SolutionGuid = {3901F80C-4381-4157-AA37-1C1F4D3A3C71}
	EndGlobalSection
EndGlobal
